# Generated by pub
# See https://dart.dev/tools/pub/glossary#lockfile
packages:
  _flutterfire_internals:
    dependency: transitive
    description:
      name: _flutterfire_internals
      sha256: "64fcb0dbca4386356386c085142fa6e79c00a3326ceaa778a2d25f5d9ba61441"
      url: "https://pub.dev"

    source: hosted
    version: "1.0.9"
  async:
    dependency: transitive
    description:
      name: async
      url: "https://pub.dartlang.org"
    source: hosted
    version: "2.9.0"
  boolean_selector:
    dependency: transitive
    description:
      name: boolean_selector
      url: "https://pub.dartlang.org"
    source: hosted
    version: "2.1.0"
  characters:
    dependency: transitive
    description:
      name: characters
      url: "https://pub.dartlang.org"
    source: hosted
    version: "1.2.1"
  clock:
    dependency: transitive
    description:
      name: clock
      url: "https://pub.dartlang.org"
    source: hosted
    version: "1.1.1"
  cloud_firestore:
    dependency: "direct main"
    description:
      name: cloud_firestore
<<<<<<< HEAD
      sha256: "65f148d9f5b4f389320abb45847120cf5e46094c1a8cbc64934ffc1e29688596"
      url: "https://pub.dev"
    source: hosted
    version: "4.4.3"
=======
      url: "https://pub.dartlang.org"
    source: hosted
    version: "4.4.4"
>>>>>>> fe7deac (.)
  cloud_firestore_platform_interface:
    dependency: transitive
    description:
      name: cloud_firestore_platform_interface
<<<<<<< HEAD
      sha256: "43ccae09f7e0c82752e69c251c6dc5efcdff4ddcfc09564175a28657bbd74188"
      url: "https://pub.dev"
    source: hosted
    version: "5.11.3"
=======
      url: "https://pub.dartlang.org"
    source: hosted
    version: "5.11.4"
>>>>>>> fe7deac (.)
  cloud_firestore_web:
    dependency: transitive
    description:
      name: cloud_firestore_web
<<<<<<< HEAD
      sha256: e054c007217e28e07179bbae0564c2a4f6338a60bddb0c139e4834e953f4b95c
      url: "https://pub.dev"
    source: hosted
    version: "3.3.3"
=======
      url: "https://pub.dartlang.org"
    source: hosted
    version: "3.3.4"
>>>>>>> fe7deac (.)
  collection:
    dependency: transitive
    description:
      name: collection
      url: "https://pub.dartlang.org"
    source: hosted
    version: "1.16.0"
  cross_file:
    dependency: transitive
    description:
      name: cross_file
<<<<<<< HEAD
      sha256: "0b0036e8cccbfbe0555fd83c1d31a6f30b77a96b598b35a5d36dd41f718695e9"
      url: "https://pub.dev"
=======
      url: "https://pub.dartlang.org"
>>>>>>> fe7deac (.)
    source: hosted
    version: "0.3.3+4"
  cupertino_icons:
    dependency: "direct main"
    description:
      name: cupertino_icons
      url: "https://pub.dartlang.org"
    source: hosted
    version: "1.0.5"
  fake_async:
    dependency: transitive
    description:
      name: fake_async
      url: "https://pub.dartlang.org"
    source: hosted
    version: "1.3.1"
  ffi:
    dependency: transitive
    description:
      name: ffi
      url: "https://pub.dartlang.org"
    source: hosted
    version: "2.0.1"
  file:
    dependency: transitive
    description:
      name: file
      url: "https://pub.dartlang.org"
    source: hosted
    version: "6.1.4"
  firebase_auth:
    dependency: "direct main"
    description:
      name: firebase_auth
<<<<<<< HEAD
      sha256: "9907d80446466e638dad31c195150b305dffd145dc57610fcd12c72289432143"
      url: "https://pub.dev"
    source: hosted
    version: "4.2.9"
=======
      url: "https://pub.dartlang.org"
    source: hosted
    version: "4.2.10"
>>>>>>> fe7deac (.)
  firebase_auth_platform_interface:
    dependency: transitive
    description:
      name: firebase_auth_platform_interface
<<<<<<< HEAD
      sha256: c645fec50b0391aa878288f58fa4fe9762c271380c457aedf5c7c9b718604f68
      url: "https://pub.dev"
    source: hosted
    version: "6.11.11"
=======
      url: "https://pub.dartlang.org"
    source: hosted
    version: "6.11.12"
>>>>>>> fe7deac (.)
  firebase_auth_web:
    dependency: transitive
    description:
      name: firebase_auth_web
<<<<<<< HEAD
      sha256: "2dcf2a36852b9091741b4a4047a02e1f2c43a62c6cacec7df573a793a6543e6d"
      url: "https://pub.dev"
    source: hosted
    version: "5.2.8"
=======
      url: "https://pub.dartlang.org"
    source: hosted
    version: "5.2.9"
>>>>>>> fe7deac (.)
  firebase_core:
    dependency: "direct main"
    description:
      name: firebase_core
<<<<<<< HEAD
      sha256: fe30ac230f12f8836bb97e6e09197340d3c584526825b1746ea362a82e1e43f7
      url: "https://pub.dev"
    source: hosted
    version: "2.7.0"
=======
      url: "https://pub.dartlang.org"
    source: hosted
    version: "2.7.1"
>>>>>>> fe7deac (.)
  firebase_core_platform_interface:
    dependency: transitive
    description:
      name: firebase_core_platform_interface
<<<<<<< HEAD
      sha256: "5615b30c36f55b2777d0533771deda7e5730e769e5d3cb7fda79e9bed86cfa55"
      url: "https://pub.dev"
=======
      url: "https://pub.dartlang.org"
>>>>>>> fe7deac (.)
    source: hosted
    version: "4.5.3"
  firebase_core_web:
    dependency: transitive
    description:
      name: firebase_core_web
<<<<<<< HEAD
      sha256: "291fbcace608aca6c860652e1358ef89752be8cc3ef227f8bbcd1e62775b833a"
      url: "https://pub.dev"
    source: hosted
    version: "2.2.1"
=======
      url: "https://pub.dartlang.org"
    source: hosted
    version: "2.2.2"
>>>>>>> fe7deac (.)
  firebase_storage:
    dependency: "direct main"
    description:
      name: firebase_storage
<<<<<<< HEAD
      sha256: fac4ebf20da0ff7c7f23596d741130a85e8bd5fac4cabf8f568f38ba55fba19d
      url: "https://pub.dev"
    source: hosted
    version: "11.0.14"
=======
      url: "https://pub.dartlang.org"
    source: hosted
    version: "11.0.15"
>>>>>>> fe7deac (.)
  firebase_storage_platform_interface:
    dependency: transitive
    description:
      name: firebase_storage_platform_interface
<<<<<<< HEAD
      sha256: c58dedec6d12416306e08dde463f3c65443aa2d5ccc100856ae7da75bab63e29
      url: "https://pub.dev"
    source: hosted
    version: "4.1.30"
=======
      url: "https://pub.dartlang.org"
    source: hosted
    version: "4.1.31"
>>>>>>> fe7deac (.)
  firebase_storage_web:
    dependency: transitive
    description:
      name: firebase_storage_web
<<<<<<< HEAD
      sha256: "28e2c6317214f63af56b1b3f2907d168534a7629ec24269b036556f399063d5a"
      url: "https://pub.dev"
    source: hosted
    version: "3.3.23"
=======
      url: "https://pub.dartlang.org"
    source: hosted
    version: "3.3.24"
>>>>>>> fe7deac (.)
  flutter:
    dependency: "direct main"
    description: flutter
    source: sdk
    version: "0.0.0"
  flutter_lints:
    dependency: "direct dev"
    description:
      name: flutter_lints
      url: "https://pub.dartlang.org"
    source: hosted
    version: "2.0.1"
  flutter_plugin_android_lifecycle:
    dependency: transitive
    description:
      name: flutter_plugin_android_lifecycle
<<<<<<< HEAD
      sha256: "4bef634684b2c7f3468c77c766c831229af829a0cd2d4ee6c1b99558bd14e5d2"
      url: "https://pub.dev"
    source: hosted
    version: "2.0.8"
=======
      url: "https://pub.dartlang.org"
    source: hosted
    version: "2.0.9"
>>>>>>> fe7deac (.)
  flutter_test:
    dependency: "direct dev"
    description: flutter
    source: sdk
    version: "0.0.0"
  flutter_web_plugins:
    dependency: transitive
    description: flutter
    source: sdk
    version: "0.0.0"
  get:
    dependency: "direct main"
    description:
      name: get
      url: "https://pub.dartlang.org"
    source: hosted
    version: "4.6.5"
  get_storage:
    dependency: "direct main"
    description:
      name: get_storage
<<<<<<< HEAD
      sha256: "39db1fffe779d0c22b3a744376e86febe4ade43bf65e06eab5af707dc84185a2"
      url: "https://pub.dev"
=======
      url: "https://pub.dartlang.org"
>>>>>>> fe7deac (.)
    source: hosted
    version: "2.1.1"
  google_sign_in:
    dependency: "direct main"
    description:
      name: google_sign_in
<<<<<<< HEAD
      sha256: "821f354c053d51a2d417b02d42532a19a6ea8057d2f9ebb8863c07d81c98aaf9"
      url: "https://pub.dev"
=======
      url: "https://pub.dartlang.org"
>>>>>>> fe7deac (.)
    source: hosted
    version: "5.4.4"
  google_sign_in_android:
    dependency: transitive
    description:
      name: google_sign_in_android
<<<<<<< HEAD
      sha256: f27bd56527c567594167bd0a46f7ceb93122ed064d2eee612413d6af0bb2e2e5
      url: "https://pub.dev"
    source: hosted
    version: "6.1.7"
=======
      url: "https://pub.dartlang.org"
    source: hosted
    version: "6.1.8"
>>>>>>> fe7deac (.)
  google_sign_in_ios:
    dependency: transitive
    description:
      name: google_sign_in_ios
<<<<<<< HEAD
      sha256: eca3433737cfe8b231127d43a3e6527e07d5f8e4a0c00ce593aaaf7bc92bb135
      url: "https://pub.dev"
    source: hosted
    version: "5.5.2"
=======
      url: "https://pub.dartlang.org"
    source: hosted
    version: "5.6.1"
>>>>>>> fe7deac (.)
  google_sign_in_platform_interface:
    dependency: transitive
    description:
      name: google_sign_in_platform_interface
<<<<<<< HEAD
      sha256: fece762f0d2dd762ebde43ad70662a209ff6ee034111976549c392f7763d9264
      url: "https://pub.dev"
=======
      url: "https://pub.dartlang.org"
>>>>>>> fe7deac (.)
    source: hosted
    version: "2.3.1"
  google_sign_in_web:
    dependency: transitive
    description:
      name: google_sign_in_web
<<<<<<< HEAD
      sha256: "75cc41ebc53b1756320ee14d9c3018ad3e6cea298147dbcd86e9d0c8d6720b40"
      url: "https://pub.dev"
=======
      url: "https://pub.dartlang.org"
>>>>>>> fe7deac (.)
    source: hosted
    version: "0.10.2+1"
  http:
    dependency: transitive
    description:
      name: http
      url: "https://pub.dartlang.org"
    source: hosted
    version: "0.13.5"
  http_parser:
    dependency: transitive
    description:
      name: http_parser
      url: "https://pub.dartlang.org"
    source: hosted
    version: "4.0.2"
  image_cropper:
    dependency: "direct main"
    description:
      name: image_cropper
      url: "https://pub.dartlang.org"
    source: hosted
    version: "3.0.1"
  image_cropper_for_web:
    dependency: transitive
    description:
      name: image_cropper_for_web
      url: "https://pub.dartlang.org"
    source: hosted
    version: "1.0.3"
  image_cropper_platform_interface:
    dependency: transitive
    description:
      name: image_cropper_platform_interface
      url: "https://pub.dartlang.org"
    source: hosted
    version: "3.0.3"
  image_downloader:
    dependency: "direct main"
    description:
      name: image_downloader
      url: "https://pub.dartlang.org"
    source: hosted
    version: "0.31.0"
  image_picker:
    dependency: "direct main"
    description:
      name: image_picker
<<<<<<< HEAD
      sha256: "22207768556b82d55ec70166824350fee32298732d5efa4d6e756f848f51f66a"
      url: "https://pub.dev"
    source: hosted
    version: "0.8.6+3"
=======
      url: "https://pub.dartlang.org"
    source: hosted
    version: "0.8.7"
>>>>>>> fe7deac (.)
  image_picker_android:
    dependency: transitive
    description:
      name: image_picker_android
<<<<<<< HEAD
      sha256: "68d067baf7f6e401b1124ee83dd6967e67847314250fd68012aab34a69beb344"
      url: "https://pub.dev"
    source: hosted
    version: "0.8.5+7"
=======
      url: "https://pub.dartlang.org"
    source: hosted
    version: "0.8.6+1"
>>>>>>> fe7deac (.)
  image_picker_for_web:
    dependency: transitive
    description:
      name: image_picker_for_web
<<<<<<< HEAD
      sha256: "66fc6e3877bbde82c33d122f3588777c3784ac5bd7d1cdd79213ef7aecb85b34"
      url: "https://pub.dev"
    source: hosted
    version: "2.1.11"
=======
      url: "https://pub.dartlang.org"
    source: hosted
    version: "2.1.12"
>>>>>>> fe7deac (.)
  image_picker_ios:
    dependency: transitive
    description:
      name: image_picker_ios
<<<<<<< HEAD
      sha256: "39aa70b5f1e5e7c94585b9738632d5fdb764a5655e40cd9e7b95fbd2fc50c519"
      url: "https://pub.dev"
    source: hosted
    version: "0.8.6+9"
=======
      url: "https://pub.dartlang.org"
    source: hosted
    version: "0.8.7+1"
>>>>>>> fe7deac (.)
  image_picker_platform_interface:
    dependency: transitive
    description:
      name: image_picker_platform_interface
<<<<<<< HEAD
      sha256: "1991219d9dbc42a99aff77e663af8ca51ced592cd6685c9485e3458302d3d4f8"
      url: "https://pub.dev"
=======
      url: "https://pub.dartlang.org"
>>>>>>> fe7deac (.)
    source: hosted
    version: "2.6.3"
  intl:
    dependency: transitive
    description:
      name: intl
      url: "https://pub.dartlang.org"
    source: hosted
    version: "0.17.0"
  js:
    dependency: transitive
    description:
      name: js
      url: "https://pub.dartlang.org"
    source: hosted
    version: "0.6.4"
  lints:
    dependency: transitive
    description:
      name: lints
      url: "https://pub.dartlang.org"
    source: hosted
    version: "2.0.1"
  matcher:
    dependency: transitive
    description:
      name: matcher
<<<<<<< HEAD
      sha256: c94db23593b89766cda57aab9ac311e3616cf87c6fa4e9749df032f66f30dcb8
      url: "https://pub.dev"
    source: hosted
    version: "0.12.14"



=======
      url: "https://pub.dartlang.org"
    source: hosted
    version: "0.12.12"
>>>>>>> fe7deac (.)
  material_color_utilities:
    dependency: transitive
    description:
      name: material_color_utilities
      url: "https://pub.dartlang.org"
    source: hosted
    version: "0.1.5"
  meta:
    dependency: transitive
    description:
      name: meta
      url: "https://pub.dartlang.org"
    source: hosted
    version: "1.8.0"
  path:
    dependency: transitive
    description:
      name: path
<<<<<<< HEAD
      sha256: "8829d8a55c13fc0e37127c29fedf290c102f4e40ae94ada574091fe0ff96c917"
      url: "https://pub.dev"
=======
      url: "https://pub.dartlang.org"
>>>>>>> fe7deac (.)
    source: hosted
    version: "1.8.3"
  path_provider:
    dependency: transitive
    description:
      name: path_provider
<<<<<<< HEAD
      sha256: "04890b994ee89bfa80bf3080bfec40d5a92c5c7a785ebb02c13084a099d2b6f9"
      url: "https://pub.dev"

=======
      url: "https://pub.dartlang.org"
>>>>>>> fe7deac (.)
    source: hosted
    version: "2.0.13"
  path_provider_android:
    dependency: transitive
    description:
      name: path_provider_android
<<<<<<< HEAD



      sha256: "7623b7d4be0f0f7d9a8b5ee6879fc13e4522d4c875ab86801dee4af32b54b83e"
      url: "https://pub.dev"





    source: hosted
    version: "2.0.23"
=======
      url: "https://pub.dartlang.org"
    source: hosted
    version: "2.0.24"
>>>>>>> fe7deac (.)
  path_provider_foundation:
    dependency: transitive
    description:
      name: path_provider_foundation
<<<<<<< HEAD
      sha256: eec003594f19fe2456ea965ae36b3fc967bc5005f508890aafe31fa75e41d972
      url: "https://pub.dev"

    source: hosted
    version: "2.1.2"
=======
      url: "https://pub.dartlang.org"
    source: hosted
    version: "2.1.3"
>>>>>>> fe7deac (.)
  path_provider_linux:
    dependency: transitive
    description:
      name: path_provider_linux
<<<<<<< HEAD
      sha256: "525ad5e07622d19447ad740b1ed5070031f7a5437f44355ae915ff56e986429a"
      url: "https://pub.dev"

    source: hosted
    version: "2.1.9"
=======
      url: "https://pub.dartlang.org"
    source: hosted
    version: "2.1.10"
>>>>>>> fe7deac (.)
  path_provider_platform_interface:
    dependency: transitive
    description:
      name: path_provider_platform_interface
<<<<<<< HEAD
      sha256: "57585299a729335f1298b43245842678cb9f43a6310351b18fb577d6e33165ec"
      url: "https://pub.dev"
=======
      url: "https://pub.dartlang.org"
>>>>>>> fe7deac (.)
    source: hosted
    version: "2.0.6"
  path_provider_windows:
    dependency: transitive
    description:
      name: path_provider_windows
<<<<<<< HEAD
      sha256: "642ddf65fde5404f83267e8459ddb4556316d3ee6d511ed193357e25caa3632d"
      url: "https://pub.dev"

    source: hosted
    version: "2.1.4"
=======
      url: "https://pub.dartlang.org"
    source: hosted
    version: "2.1.5"
>>>>>>> fe7deac (.)
  pin_code_fields:
    dependency: "direct main"
    description:
      name: pin_code_fields
      url: "https://pub.dartlang.org"
    source: hosted
    version: "7.4.0"
  platform:
    dependency: transitive
    description:
      name: platform
      url: "https://pub.dartlang.org"
    source: hosted
    version: "3.1.0"
  plugin_platform_interface:
    dependency: transitive
    description:
      name: plugin_platform_interface
<<<<<<< HEAD
      sha256: "6a2128648c854906c53fa8e33986fc0247a1116122f9534dd20e3ab9e16a32bc"
      url: "https://pub.dev"

=======
      url: "https://pub.dartlang.org"
>>>>>>> fe7deac (.)
    source: hosted
    version: "2.1.4"
  process:
    dependency: transitive
    description:
      name: process
      url: "https://pub.dartlang.org"
    source: hosted
    version: "4.2.4"
  quiver:
    dependency: transitive
    description:
      name: quiver
<<<<<<< HEAD
      sha256: b1c1ac5ce6688d77f65f3375a9abb9319b3cb32486bdc7a1e0fdf004d7ba4e47
      url: "https://pub.dev"

=======
      url: "https://pub.dartlang.org"
>>>>>>> fe7deac (.)
    source: hosted
    version: "3.2.1"
  sizer:
    dependency: "direct main"
    description:
      name: sizer
      url: "https://pub.dartlang.org"
    source: hosted
    version: "2.0.15"
  sky_engine:
    dependency: transitive
    description: flutter
    source: sdk
    version: "0.0.99"
  source_span:
    dependency: transitive
    description:
      name: source_span
      url: "https://pub.dartlang.org"
    source: hosted
    version: "1.9.0"
  stack_trace:
    dependency: transitive
    description:
      name: stack_trace
      url: "https://pub.dartlang.org"
    source: hosted
    version: "1.10.0"
  stream_channel:
    dependency: transitive
    description:
      name: stream_channel
      url: "https://pub.dartlang.org"
    source: hosted
    version: "2.1.0"
  string_scanner:
    dependency: transitive
    description:
      name: string_scanner
<<<<<<< HEAD
      sha256: "556692adab6cfa87322a115640c11f13cb77b3f076ddcc5d6ae3c20242bedcde"
      url: "https://pub.dev"

=======
      url: "https://pub.dartlang.org"
>>>>>>> fe7deac (.)
    source: hosted
    version: "1.2.0"
  term_glyph:
    dependency: transitive
    description:
      name: term_glyph
      url: "https://pub.dartlang.org"
    source: hosted
    version: "1.2.1"
  test_api:
    dependency: transitive
    description:
      name: test_api
<<<<<<< HEAD
      sha256: c9282698e2982b6c3817037554e52f99d4daba493e8028f8112a83d68ccd0b12
      url: "https://pub.dev"
    source: hosted
    version: "0.4.17"

=======
      url: "https://pub.dartlang.org"
    source: hosted
    version: "0.4.12"
>>>>>>> fe7deac (.)
  transparent_image:
    dependency: "direct main"
    description:
      name: transparent_image
<<<<<<< HEAD

      sha256: e8991d955a2094e197ca24c645efec2faf4285772a4746126ca12875e54ca02f
      url: "https://pub.dev"
=======
      url: "https://pub.dartlang.org"
>>>>>>> fe7deac (.)
    source: hosted
    version: "2.0.1"
  typed_data:
    dependency: transitive
    description:
      name: typed_data
      url: "https://pub.dartlang.org"
    source: hosted
    version: "1.3.1"
  universal_io:
    dependency: transitive
    description:
      name: universal_io
<<<<<<< HEAD
      sha256: "06866290206d196064fd61df4c7aea1ffe9a4e7c4ccaa8fcded42dd41948005d"
      url: "https://pub.dev"

=======
      url: "https://pub.dartlang.org"
>>>>>>> fe7deac (.)
    source: hosted
    version: "2.2.0"
  vector_math:
    dependency: transitive
    description:
      name: vector_math
      url: "https://pub.dartlang.org"
    source: hosted
    version: "2.1.2"
  win32:
    dependency: transitive
    description:
      name: win32
<<<<<<< HEAD
      sha256: c9ebe7ee4ab0c2194e65d3a07d8c54c5d00bb001b76081c4a04cdb8448b59e46
      url: "https://pub.dev"

=======
      url: "https://pub.dartlang.org"
>>>>>>> fe7deac (.)
    source: hosted
    version: "3.1.3"
  xdg_directories:
    dependency: transitive
    description:
      name: xdg_directories
<<<<<<< HEAD
      sha256: ee1505df1426458f7f60aac270645098d318a8b4766d85fde75f76f2e21807d1
      url: "https://pub.dev"
    source: hosted
    version: "1.0.0"
sdks:
  dart: ">=2.18.0 <4.0.0"
  flutter: ">=3.0.0"

=======
      url: "https://pub.dartlang.org"
    source: hosted
    version: "1.0.0"
sdks:
  dart: ">=2.18.2 <3.0.0"
  flutter: ">=3.3.0"
>>>>>>> fe7deac (.)
